
Microsoft Visual Studio Solution File, Format Version 12.00
# Visual Studio Version 16
VisualStudioVersion = 16.0.31424.327
MinimumVisualStudioVersion = 10.0.40219.1
Project("{00D1A9C2-B5F0-4AF3-8072-F6C62B433612}") = "cleanBudget-DB", "cleanBudget-DB\cleanBudget-DB.sqlproj", "{AAA31E18-5725-4EC6-8F71-E4F6B62E4E19}"
EndProject
Global
	GlobalSection(SolutionConfigurationPlatforms) = preSolution
		Debug|Any CPU = Debug|Any CPU
		Release|Any CPU = Release|Any CPU
	EndGlobalSection
	GlobalSection(ProjectConfigurationPlatforms) = postSolution
		{AAA31E18-5725-4EC6-8F71-E4F6B62E4E19}.Debug|Any CPU.ActiveCfg = Debug|Any CPU
		{AAA31E18-5725-4EC6-8F71-E4F6B62E4E19}.Debug|Any CPU.Build.0 = Debug|Any CPU
		{AAA31E18-5725-4EC6-8F71-E4F6B62E4E19}.Debug|Any CPU.Deploy.0 = Debug|Any CPU
		{AAA31E18-5725-4EC6-8F71-E4F6B62E4E19}.Release|Any CPU.ActiveCfg = Release|Any CPU
		{AAA31E18-5725-4EC6-8F71-E4F6B62E4E19}.Release|Any CPU.Build.0 = Release|Any CPU
		{AAA31E18-5725-4EC6-8F71-E4F6B62E4E19}.Release|Any CPU.Deploy.0 = Release|Any CPU
	EndGlobalSection
	GlobalSection(SolutionProperties) = preSolution
		HideSolutionNode = FALSE
	EndGlobalSection
	GlobalSection(ExtensibilityGlobals) = postSolution
		SolutionGuid = {1B24BCC9-0EAE-4457-BEE2-9792F9B59A88}
	EndGlobalSection
EndGlobal
